{
    "version": 3,
    "terraform_version": "0.11.13",
    "serial": 38,
    "lineage": "8d4fa768-b969-4a3d-1224-6361cee14370",
    "modules": [
        {
            "path": [
                "root"
            ],
            "outputs": {
                "ELB": {
                    "sensitive": false,
                    "type": "string",
                    "value": "my-elb-1971329854.eu-west-2.elb.amazonaws.com"
                },
                "ip": {
                    "sensitive": false,
                    "type": "string",
                    "value": "3.8.173.79"
                }
            },
            "resources": {
                "aws_autoscaling_group.example-autoscaling": {
                    "type": "aws_autoscaling_group",
                    "depends_on": [
                        "aws_elb.my-elb",
                        "aws_launch_configuration.example-launchconfig",
                        "aws_subnet.main-public-1",
                        "aws_subnet.main-public-2"
                    ],
                    "primary": {
                        "id": "example-autoscaling",
                        "attributes": {
                            "arn": "arn:aws:autoscaling:eu-west-2:089049692260:autoScalingGroup:73385f5c-8bf4-4777-9eec-040e3bf1f1ec:autoScalingGroupName/example-autoscaling",
                            "availability_zones.#": "2",
                            "availability_zones.1501760113": "eu-west-2b",
                            "availability_zones.3230292939": "eu-west-2a",
                            "default_cooldown": "300",
                            "desired_capacity": "2",
                            "enabled_metrics.#": "0",
                            "force_delete": "true",
                            "health_check_grace_period": "300",
                            "health_check_type": "ELB",
                            "id": "example-autoscaling",
                            "launch_configuration": "example-launchconfig20190503191914174100000001",
                            "launch_template.#": "0",
                            "load_balancers.#": "1",
                            "load_balancers.2279236974": "my-elb",
                            "max_size": "2",
                            "metrics_granularity": "1Minute",
                            "min_size": "2",
                            "mixed_instances_policy.#": "0",
                            "name": "example-autoscaling",
                            "placement_group": "",
                            "protect_from_scale_in": "false",
                            "service_linked_role_arn": "arn:aws:iam::089049692260:role/aws-service-role/autoscaling.amazonaws.com/AWSServiceRoleForAutoScaling",
                            "suspended_processes.#": "0",
                            "tag.#": "1",
                            "tag.1408005840.key": "Name",
                            "tag.1408005840.propagate_at_launch": "true",
                            "tag.1408005840.value": "ec2 instance",
                            "target_group_arns.#": "0",
                            "termination_policies.#": "0",
                            "vpc_zone_identifier.#": "2",
                            "vpc_zone_identifier.1172922770": "subnet-0611301473bcc2e50",
                            "vpc_zone_identifier.2039255820": "subnet-03b79bc920e1e5035",
                            "wait_for_capacity_timeout": "10m"
                        },
                        "meta": {
                            "e2bfb730-ecaa-11e6-8f88-34363bc7c4c0": {
                                "delete": 600000000000
                            }
                        },
                        "tainted": false
                    },
                    "deposed": [],
                    "provider": "provider.aws"
                },
                "aws_autoscaling_policy.example-cpu-policy": {
                    "type": "aws_autoscaling_policy",
                    "depends_on": [
                        "aws_autoscaling_group.example-autoscaling"
                    ],
                    "primary": {
                        "id": "example-cpu-policy",
                        "attributes": {
                            "adjustment_type": "ChangeInCapacity",
                            "arn": "arn:aws:autoscaling:eu-west-2:089049692260:scalingPolicy:b01c0af3-bd02-4f9f-8858-4e674bf313fc:autoScalingGroupName/example-autoscaling:policyName/example-cpu-policy",
                            "autoscaling_group_name": "example-autoscaling",
                            "cooldown": "300",
                            "estimated_instance_warmup": "0",
                            "id": "example-cpu-policy",
                            "metric_aggregation_type": "",
                            "name": "example-cpu-policy",
                            "policy_type": "SimpleScaling",
                            "scaling_adjustment": "1",
                            "step_adjustment.#": "0",
                            "target_tracking_configuration.#": "0"
                        },
                        "meta": {},
                        "tainted": false
                    },
                    "deposed": [],
                    "provider": "provider.aws"
                },
                "aws_autoscaling_policy.example-cpu-policy-scaledown": {
                    "type": "aws_autoscaling_policy",
                    "depends_on": [
                        "aws_autoscaling_group.example-autoscaling"
                    ],
                    "primary": {
                        "id": "example-cpu-policy-scaledown",
                        "attributes": {
                            "adjustment_type": "ChangeInCapacity",
                            "arn": "arn:aws:autoscaling:eu-west-2:089049692260:scalingPolicy:59d4c384-8f8b-4d09-8599-837272b6aaad:autoScalingGroupName/example-autoscaling:policyName/example-cpu-policy-scaledown",
                            "autoscaling_group_name": "example-autoscaling",
                            "cooldown": "300",
                            "estimated_instance_warmup": "0",
                            "id": "example-cpu-policy-scaledown",
                            "metric_aggregation_type": "",
                            "name": "example-cpu-policy-scaledown",
                            "policy_type": "SimpleScaling",
                            "scaling_adjustment": "-1",
                            "step_adjustment.#": "0",
                            "target_tracking_configuration.#": "0"
                        },
                        "meta": {},
                        "tainted": false
                    },
                    "deposed": [],
                    "provider": "provider.aws"
                },
                "aws_cloudwatch_metric_alarm.example-cpu-alarm": {
                    "type": "aws_cloudwatch_metric_alarm",
                    "depends_on": [
                        "aws_autoscaling_group.example-autoscaling",
                        "aws_autoscaling_policy.example-cpu-policy"
                    ],
                    "primary": {
                        "id": "example-cpu-alarm",
                        "attributes": {
                            "actions_enabled": "true",
                            "alarm_actions.#": "1",
                            "alarm_actions.184994964": "arn:aws:autoscaling:eu-west-2:089049692260:scalingPolicy:b01c0af3-bd02-4f9f-8858-4e674bf313fc:autoScalingGroupName/example-autoscaling:policyName/example-cpu-policy",
                            "alarm_description": "example-cpu-alarm",
                            "alarm_name": "example-cpu-alarm",
                            "arn": "arn:aws:cloudwatch:eu-west-2:089049692260:alarm:example-cpu-alarm",
                            "comparison_operator": "GreaterThanOrEqualToThreshold",
                            "datapoints_to_alarm": "0",
                            "dimensions.%": "1",
                            "dimensions.AutoScalingGroupName": "example-autoscaling",
                            "evaluate_low_sample_count_percentiles": "",
                            "evaluation_periods": "2",
                            "extended_statistic": "",
                            "id": "example-cpu-alarm",
                            "insufficient_data_actions.#": "0",
                            "metric_name": "CPUUtilization",
                            "namespace": "AWS/EC2",
                            "ok_actions.#": "0",
                            "period": "120",
                            "statistic": "Average",
                            "tags.%": "0",
                            "threshold": "30",
                            "treat_missing_data": "missing",
                            "unit": ""
                        },
                        "meta": {
                            "schema_version": "1"
                        },
                        "tainted": false
                    },
                    "deposed": [],
                    "provider": "provider.aws"
                },
                "aws_cloudwatch_metric_alarm.example-cpu-alarm-scaledown": {
                    "type": "aws_cloudwatch_metric_alarm",
                    "depends_on": [
                        "aws_autoscaling_group.example-autoscaling",
                        "aws_autoscaling_policy.example-cpu-policy-scaledown"
                    ],
                    "primary": {
                        "id": "example-cpu-alarm-scaledown",
                        "attributes": {
                            "actions_enabled": "true",
                            "alarm_actions.#": "1",
                            "alarm_actions.948807095": "arn:aws:autoscaling:eu-west-2:089049692260:scalingPolicy:59d4c384-8f8b-4d09-8599-837272b6aaad:autoScalingGroupName/example-autoscaling:policyName/example-cpu-policy-scaledown",
                            "alarm_description": "example-cpu-alarm-scaledown",
                            "alarm_name": "example-cpu-alarm-scaledown",
                            "arn": "arn:aws:cloudwatch:eu-west-2:089049692260:alarm:example-cpu-alarm-scaledown",
                            "comparison_operator": "LessThanOrEqualToThreshold",
                            "datapoints_to_alarm": "0",
                            "dimensions.%": "1",
                            "dimensions.AutoScalingGroupName": "example-autoscaling",
                            "evaluate_low_sample_count_percentiles": "",
                            "evaluation_periods": "2",
                            "extended_statistic": "",
                            "id": "example-cpu-alarm-scaledown",
                            "insufficient_data_actions.#": "0",
                            "metric_name": "CPUUtilization",
                            "namespace": "AWS/EC2",
                            "ok_actions.#": "0",
                            "period": "120",
                            "statistic": "Average",
                            "tags.%": "0",
                            "threshold": "5",
                            "treat_missing_data": "missing",
                            "unit": ""
                        },
                        "meta": {
                            "schema_version": "1"
                        },
                        "tainted": false
                    },
                    "deposed": [],
                    "provider": "provider.aws"
                },
                "aws_elb.my-elb": {
                    "type": "aws_elb",
                    "depends_on": [
                        "aws_security_group.elb-securitygroup",
                        "aws_subnet.main-public-1",
                        "aws_subnet.main-public-2"
                    ],
                    "primary": {
                        "id": "my-elb",
                        "attributes": {
                            "access_logs.#": "0",
                            "arn": "arn:aws:elasticloadbalancing:eu-west-2:089049692260:loadbalancer/my-elb",
                            "availability_zones.#": "2",
                            "availability_zones.1501760113": "eu-west-2b",
                            "availability_zones.3230292939": "eu-west-2a",
                            "connection_draining": "true",
                            "connection_draining_timeout": "400",
                            "cross_zone_load_balancing": "true",
                            "dns_name": "my-elb-1971329854.eu-west-2.elb.amazonaws.com",
                            "health_check.#": "1",
                            "health_check.0.healthy_threshold": "2",
                            "health_check.0.interval": "30",
                            "health_check.0.target": "HTTP:80/",
                            "health_check.0.timeout": "3",
                            "health_check.0.unhealthy_threshold": "2",
                            "id": "my-elb",
                            "idle_timeout": "60",
                            "instances.#": "0",
                            "internal": "false",
                            "listener.#": "1",
                            "listener.3057123346.instance_port": "80",
                            "listener.3057123346.instance_protocol": "http",
                            "listener.3057123346.lb_port": "80",
                            "listener.3057123346.lb_protocol": "http",
                            "listener.3057123346.ssl_certificate_id": "",
                            "name": "my-elb",
                            "security_groups.#": "1",
                            "security_groups.2704920788": "sg-0ad4baadc70e9b2b5",
                            "source_security_group": "089049692260/elb",
                            "source_security_group_id": "sg-0ad4baadc70e9b2b5",
                            "subnets.#": "2",
                            "subnets.1172922770": "subnet-0611301473bcc2e50",
                            "subnets.2039255820": "subnet-03b79bc920e1e5035",
                            "tags.%": "1",
                            "tags.Name": "my-elb",
                            "zone_id": "ZHURV8PSTC4K8"
                        },
                        "meta": {},
                        "tainted": false
                    },
                    "deposed": [],
                    "provider": "provider.aws"
                },
                "aws_instance.example": {
                    "type": "aws_instance",
                    "depends_on": [
                        "aws_key_pair.ssingh",
                        "aws_security_group.allow-ssh",
                        "aws_subnet.main-public-1"
                    ],
                    "primary": {
                        "id": "i-08810332ea44a109d",
                        "attributes": {
                            "ami": "ami-0cbf340cf716768e5",
                            "arn": "arn:aws:ec2:eu-west-2:089049692260:instance/i-08810332ea44a109d",
                            "associate_public_ip_address": "true",
                            "availability_zone": "eu-west-2a",
                            "cpu_core_count": "1",
                            "cpu_threads_per_core": "1",
                            "credit_specification.#": "1",
                            "credit_specification.0.cpu_credits": "standard",
                            "disable_api_termination": "false",
                            "ebs_block_device.#": "0",
                            "ebs_optimized": "false",
                            "ephemeral_block_device.#": "0",
                            "get_password_data": "false",
                            "iam_instance_profile": "",
                            "id": "i-08810332ea44a109d",
                            "instance_state": "running",
                            "instance_type": "t2.micro",
                            "ipv6_addresses.#": "0",
                            "key_name": "ssingh",
                            "monitoring": "false",
                            "network_interface.#": "0",
                            "password_data": "",
                            "placement_group": "",
                            "primary_network_interface_id": "eni-0eac7809d2ae83a3f",
                            "private_dns": "ip-10-0-1-85.eu-west-2.compute.internal",
                            "private_ip": "10.0.1.85",
                            "public_dns": "ec2-3-8-173-79.eu-west-2.compute.amazonaws.com",
                            "public_ip": "3.8.173.79",
                            "root_block_device.#": "1",
                            "root_block_device.0.delete_on_termination": "true",
                            "root_block_device.0.iops": "100",
                            "root_block_device.0.volume_id": "vol-063cc88001e25c37e",
                            "root_block_device.0.volume_size": "8",
                            "root_block_device.0.volume_type": "gp2",
                            "security_groups.#": "0",
                            "source_dest_check": "true",
                            "subnet_id": "subnet-0611301473bcc2e50",
                            "tags.%": "0",
                            "tenancy": "default",
                            "volume_tags.%": "0",
                            "vpc_security_group_ids.#": "1",
                            "vpc_security_group_ids.945488217": "sg-08cb43a9a4c96a883"
                        },
                        "meta": {
                            "e2bfb730-ecaa-11e6-8f88-34363bc7c4c0": {
                                "create": 600000000000,
                                "delete": 1200000000000,
                                "update": 600000000000
                            },
                            "schema_version": "1"
                        },
                        "tainted": false
                    },
                    "deposed": [],
                    "provider": "provider.aws"
                },
                "aws_internet_gateway.main-gw": {
                    "type": "aws_internet_gateway",
                    "depends_on": [
                        "aws_vpc.main"
                    ],
                    "primary": {
                        "id": "igw-019d07bac60f7ac2e",
                        "attributes": {
                            "id": "igw-019d07bac60f7ac2e",
                            "owner_id": "089049692260",
                            "tags.%": "1",
                            "tags.Name": "main",
                            "vpc_id": "vpc-01e769c704f22bf68"
                        },
                        "meta": {},
                        "tainted": false
                    },
                    "deposed": [],
                    "provider": "provider.aws"
                },
                "aws_key_pair.ssingh": {
                    "type": "aws_key_pair",
                    "depends_on": [],
                    "primary": {
                        "id": "ssingh",
                        "attributes": {
                            "fingerprint": "76:44:49:21:85:ca:23:15:88:b8:b9:44:44:3d:3c:0f",
                            "id": "ssingh",
                            "key_name": "ssingh",
                            "public_key": "ssh-rsa AAAAB3NzaC1yc2EAAAADAQABAAABAQCqlKXbo9USQyx5hUce1UJXv2KL/gvABRjk90Ajns7GajfGRCg+FugJpUUb1j0vYBIhdDUDx+imzsiN3LiRMf6Raz/Sg5JENE2vE8dQEBgkDkkL7BFP6F/exQS5o8AJLBDAUdOsWV/dkGyLfeML1hqi+lbdTPu39AvV4ZrUt31zLV/YV8ouuS0jUOb+XE57vxj/7itfERoaIVvp1kO01DjKKl5nYWnPaZNiSG3vtWZYE7RVhH8XBgNpkyvjuQGEfX4Iq8Q+/FIcWl1kJB45vFxFwKFmDWTpdCzUqanoRR9QL17RF5kWkDmuYUCxvEsuw1pqd66kYNaKAZsk2Y6prMnr stevensingh@Stevens-MBP.lan"
                        },
                        "meta": {
                            "schema_version": "1"
                        },
                        "tainted": false
                    },
                    "deposed": [],
                    "provider": "provider.aws"
                },
                "aws_launch_configuration.example-launchconfig": {
                    "type": "aws_launch_configuration",
                    "depends_on": [
                        "aws_key_pair.ssingh",
                        "aws_security_group.allow-ssh"
                    ],
                    "primary": {
                        "id": "example-launchconfig20190503191914174100000001",
                        "attributes": {
                            "associate_public_ip_address": "false",
                            "ebs_block_device.#": "0",
                            "ebs_optimized": "false",
                            "enable_monitoring": "true",
                            "ephemeral_block_device.#": "0",
                            "iam_instance_profile": "",
                            "id": "example-launchconfig20190503191914174100000001",
                            "image_id": "ami-0cbf340cf716768e5",
                            "instance_type": "t2.micro",
                            "key_name": "ssingh",
                            "name": "example-launchconfig20190503191914174100000001",
                            "name_prefix": "example-launchconfig",
                            "root_block_device.#": "0",
                            "security_groups.#": "1",
                            "security_groups.945488217": "sg-08cb43a9a4c96a883",
                            "spot_price": "",
                            "user_data": "1001f0a5f3838d91a3ec23577ede2778b6cb59e5",
                            "vpc_classic_link_id": "",
                            "vpc_classic_link_security_groups.#": "0"
                        },
                        "meta": {},
                        "tainted": false
                    },
                    "deposed": [],
                    "provider": "provider.aws"
                },
                "aws_route53_record.server1-record": {
                    "type": "aws_route53_record",
                    "depends_on": [
                        "aws_instance.example"
                    ],
                    "primary": {
                        "id": "Z3A7Y3L94GVKZY_server1.stevensingh.net_A",
                        "attributes": {
                            "fqdn": "server1.stevensingh.net",
                            "id": "Z3A7Y3L94GVKZY_server1.stevensingh.net_A",
                            "name": "server1.stevensingh.net",
                            "records.#": "1",
                            "records.549430898": "3.8.173.79",
                            "ttl": "60",
                            "type": "A",
                            "zone_id": "Z3A7Y3L94GVKZY"
                        },
                        "meta": {
                            "schema_version": "2"
                        },
                        "tainted": false
                    },
                    "deposed": [],
                    "provider": "provider.aws"
                },
                "aws_route_table.main-public": {
                    "type": "aws_route_table",
                    "depends_on": [
                        "aws_internet_gateway.main-gw",
                        "aws_vpc.main"
                    ],
                    "primary": {
                        "id": "rtb-017645e42bb221edf",
                        "attributes": {
                            "id": "rtb-017645e42bb221edf",
                            "owner_id": "089049692260",
                            "propagating_vgws.#": "0",
                            "route.#": "1",
                            "route.1887503709.cidr_block": "0.0.0.0/0",
                            "route.1887503709.egress_only_gateway_id": "",
                            "route.1887503709.gateway_id": "igw-019d07bac60f7ac2e",
                            "route.1887503709.instance_id": "",
                            "route.1887503709.ipv6_cidr_block": "",
                            "route.1887503709.nat_gateway_id": "",
                            "route.1887503709.network_interface_id": "",
                            "route.1887503709.transit_gateway_id": "",
                            "route.1887503709.vpc_peering_connection_id": "",
                            "tags.%": "1",
                            "tags.Name": "main-public-1",
                            "vpc_id": "vpc-01e769c704f22bf68"
                        },
                        "meta": {},
                        "tainted": false
                    },
                    "deposed": [],
                    "provider": "provider.aws"
                },
                "aws_route_table_association.main-public-1-a": {
                    "type": "aws_route_table_association",
                    "depends_on": [
                        "aws_route_table.main-public",
                        "aws_subnet.main-public-1"
                    ],
                    "primary": {
                        "id": "rtbassoc-081cabb702f4f2863",
                        "attributes": {
                            "id": "rtbassoc-081cabb702f4f2863",
                            "route_table_id": "rtb-017645e42bb221edf",
                            "subnet_id": "subnet-0611301473bcc2e50"
                        },
                        "meta": {},
                        "tainted": false
                    },
                    "deposed": [],
                    "provider": "provider.aws"
                },
                "aws_route_table_association.main-public-2-a": {
                    "type": "aws_route_table_association",
                    "depends_on": [
                        "aws_route_table.main-public",
                        "aws_subnet.main-public-2"
                    ],
                    "primary": {
                        "id": "rtbassoc-0c1a02466dfba9584",
                        "attributes": {
                            "id": "rtbassoc-0c1a02466dfba9584",
                            "route_table_id": "rtb-017645e42bb221edf",
                            "subnet_id": "subnet-03b79bc920e1e5035"
                        },
                        "meta": {},
                        "tainted": false
                    },
                    "deposed": [],
                    "provider": "provider.aws"
                },
                "aws_route_table_association.main-public-3-a": {
                    "type": "aws_route_table_association",
                    "depends_on": [
                        "aws_route_table.main-public",
                        "aws_subnet.main-public-3"
                    ],
                    "primary": {
                        "id": "rtbassoc-0c918b9cade416160",
                        "attributes": {
                            "id": "rtbassoc-0c918b9cade416160",
                            "route_table_id": "rtb-017645e42bb221edf",
                            "subnet_id": "subnet-0bb314f52230bfa8e"
                        },
                        "meta": {},
                        "tainted": false
                    },
                    "deposed": [],
                    "provider": "provider.aws"
                },
                "aws_security_group.allow-ssh": {
                    "type": "aws_security_group",
                    "depends_on": [
                        "aws_security_group.elb-securitygroup",
                        "aws_vpc.main"
                    ],
                    "primary": {
                        "id": "sg-08cb43a9a4c96a883",
                        "attributes": {
                            "arn": "arn:aws:ec2:eu-west-2:089049692260:security-group/sg-08cb43a9a4c96a883",
                            "description": "security group that allows ssh and all egress traffic",
                            "egress.#": "1",
                            "egress.482069346.cidr_blocks.#": "1",
                            "egress.482069346.cidr_blocks.0": "0.0.0.0/0",
                            "egress.482069346.description": "",
                            "egress.482069346.from_port": "0",
                            "egress.482069346.ipv6_cidr_blocks.#": "0",
                            "egress.482069346.prefix_list_ids.#": "0",
                            "egress.482069346.protocol": "-1",
                            "egress.482069346.security_groups.#": "0",
                            "egress.482069346.self": "false",
                            "egress.482069346.to_port": "0",
                            "id": "sg-08cb43a9a4c96a883",
                            "ingress.#": "2",
                            "ingress.2367270265.cidr_blocks.#": "1",
                            "ingress.2367270265.cidr_blocks.0": "87.115.242.171/32",
                            "ingress.2367270265.description": "",
                            "ingress.2367270265.from_port": "22",
                            "ingress.2367270265.ipv6_cidr_blocks.#": "0",
                            "ingress.2367270265.prefix_list_ids.#": "0",
                            "ingress.2367270265.protocol": "tcp",
                            "ingress.2367270265.security_groups.#": "0",
                            "ingress.2367270265.self": "false",
                            "ingress.2367270265.to_port": "22",
                            "ingress.724151378.cidr_blocks.#": "0",
                            "ingress.724151378.description": "",
                            "ingress.724151378.from_port": "80",
                            "ingress.724151378.ipv6_cidr_blocks.#": "0",
                            "ingress.724151378.prefix_list_ids.#": "0",
                            "ingress.724151378.protocol": "tcp",
                            "ingress.724151378.security_groups.#": "1",
                            "ingress.724151378.security_groups.2704920788": "sg-0ad4baadc70e9b2b5",
                            "ingress.724151378.self": "false",
                            "ingress.724151378.to_port": "80",
                            "name": "allow-ssh",
                            "owner_id": "089049692260",
                            "revoke_rules_on_delete": "false",
                            "tags.%": "1",
                            "tags.Name": "allow-ssh",
                            "vpc_id": "vpc-01e769c704f22bf68"
                        },
                        "meta": {
                            "e2bfb730-ecaa-11e6-8f88-34363bc7c4c0": {
                                "create": 600000000000,
                                "delete": 600000000000
                            },
                            "schema_version": "1"
                        },
                        "tainted": false
                    },
                    "deposed": [],
                    "provider": "provider.aws"
                },
                "aws_security_group.elb-securitygroup": {
                    "type": "aws_security_group",
                    "depends_on": [
                        "aws_vpc.main"
                    ],
                    "primary": {
                        "id": "sg-0ad4baadc70e9b2b5",
                        "attributes": {
                            "arn": "arn:aws:ec2:eu-west-2:089049692260:security-group/sg-0ad4baadc70e9b2b5",
                            "description": "security group for load balancer",
                            "egress.#": "1",
                            "egress.482069346.cidr_blocks.#": "1",
                            "egress.482069346.cidr_blocks.0": "0.0.0.0/0",
                            "egress.482069346.description": "",
                            "egress.482069346.from_port": "0",
                            "egress.482069346.ipv6_cidr_blocks.#": "0",
                            "egress.482069346.prefix_list_ids.#": "0",
                            "egress.482069346.protocol": "-1",
                            "egress.482069346.security_groups.#": "0",
                            "egress.482069346.self": "false",
                            "egress.482069346.to_port": "0",
                            "id": "sg-0ad4baadc70e9b2b5",
                            "ingress.#": "1",
                            "ingress.2214680975.cidr_blocks.#": "1",
                            "ingress.2214680975.cidr_blocks.0": "0.0.0.0/0",
                            "ingress.2214680975.description": "",
                            "ingress.2214680975.from_port": "80",
                            "ingress.2214680975.ipv6_cidr_blocks.#": "0",
                            "ingress.2214680975.prefix_list_ids.#": "0",
                            "ingress.2214680975.protocol": "tcp",
                            "ingress.2214680975.security_groups.#": "0",
                            "ingress.2214680975.self": "false",
                            "ingress.2214680975.to_port": "80",
                            "name": "elb",
                            "owner_id": "089049692260",
                            "revoke_rules_on_delete": "false",
                            "tags.%": "1",
                            "tags.Name": "elb",
                            "vpc_id": "vpc-01e769c704f22bf68"
                        },
                        "meta": {
                            "e2bfb730-ecaa-11e6-8f88-34363bc7c4c0": {
                                "create": 600000000000,
                                "delete": 600000000000
                            },
                            "schema_version": "1"
                        },
                        "tainted": false
                    },
                    "deposed": [],
                    "provider": "provider.aws"
                },
                "aws_subnet.main-private-1": {
                    "type": "aws_subnet",
                    "depends_on": [
                        "aws_vpc.main"
                    ],
                    "primary": {
                        "id": "subnet-0034697c0fbf13dbc",
                        "attributes": {
                            "arn": "arn:aws:ec2:eu-west-2:089049692260:subnet/subnet-0034697c0fbf13dbc",
                            "assign_ipv6_address_on_creation": "false",
                            "availability_zone": "eu-west-2a",
                            "availability_zone_id": "euw2-az2",
                            "cidr_block": "10.0.4.0/24",
                            "id": "subnet-0034697c0fbf13dbc",
                            "ipv6_cidr_block": "",
                            "ipv6_cidr_block_association_id": "",
                            "map_public_ip_on_launch": "false",
                            "owner_id": "089049692260",
                            "tags.%": "1",
                            "tags.Name": "main-private-1",
                            "vpc_id": "vpc-01e769c704f22bf68"
                        },
                        "meta": {
                            "e2bfb730-ecaa-11e6-8f88-34363bc7c4c0": {
                                "create": 600000000000,
                                "delete": 600000000000
                            },
                            "schema_version": "1"
                        },
                        "tainted": false
                    },
                    "deposed": [],
                    "provider": "provider.aws"
                },
                "aws_subnet.main-private-2": {
                    "type": "aws_subnet",
                    "depends_on": [
                        "aws_vpc.main"
                    ],
                    "primary": {
                        "id": "subnet-0a1619136ba08deee",
                        "attributes": {
                            "arn": "arn:aws:ec2:eu-west-2:089049692260:subnet/subnet-0a1619136ba08deee",
                            "assign_ipv6_address_on_creation": "false",
                            "availability_zone": "eu-west-2b",
                            "availability_zone_id": "euw2-az3",
                            "cidr_block": "10.0.5.0/24",
                            "id": "subnet-0a1619136ba08deee",
                            "ipv6_cidr_block": "",
                            "ipv6_cidr_block_association_id": "",
                            "map_public_ip_on_launch": "false",
                            "owner_id": "089049692260",
                            "tags.%": "1",
                            "tags.Name": "main-private-2",
                            "vpc_id": "vpc-01e769c704f22bf68"
                        },
                        "meta": {
                            "e2bfb730-ecaa-11e6-8f88-34363bc7c4c0": {
                                "create": 600000000000,
                                "delete": 600000000000
                            },
                            "schema_version": "1"
                        },
                        "tainted": false
                    },
                    "deposed": [],
                    "provider": "provider.aws"
                },
                "aws_subnet.main-private-3": {
                    "type": "aws_subnet",
                    "depends_on": [
                        "aws_vpc.main"
                    ],
                    "primary": {
                        "id": "subnet-0c8f7f80b8adc1d5e",
                        "attributes": {
                            "arn": "arn:aws:ec2:eu-west-2:089049692260:subnet/subnet-0c8f7f80b8adc1d5e",
                            "assign_ipv6_address_on_creation": "false",
                            "availability_zone": "eu-west-2c",
                            "availability_zone_id": "euw2-az1",
                            "cidr_block": "10.0.6.0/24",
                            "id": "subnet-0c8f7f80b8adc1d5e",
                            "ipv6_cidr_block": "",
                            "ipv6_cidr_block_association_id": "",
                            "map_public_ip_on_launch": "false",
                            "owner_id": "089049692260",
                            "tags.%": "1",
                            "tags.Name": "main-private-3",
                            "vpc_id": "vpc-01e769c704f22bf68"
                        },
                        "meta": {
                            "e2bfb730-ecaa-11e6-8f88-34363bc7c4c0": {
                                "create": 600000000000,
                                "delete": 600000000000
                            },
                            "schema_version": "1"
                        },
                        "tainted": false
                    },
                    "deposed": [],
                    "provider": "provider.aws"
                },
                "aws_subnet.main-public-1": {
                    "type": "aws_subnet",
                    "depends_on": [
                        "aws_vpc.main"
                    ],
                    "primary": {
                        "id": "subnet-0611301473bcc2e50",
                        "attributes": {
                            "arn": "arn:aws:ec2:eu-west-2:089049692260:subnet/subnet-0611301473bcc2e50",
                            "assign_ipv6_address_on_creation": "false",
                            "availability_zone": "eu-west-2a",
                            "availability_zone_id": "euw2-az2",
                            "cidr_block": "10.0.1.0/24",
                            "id": "subnet-0611301473bcc2e50",
                            "ipv6_cidr_block": "",
                            "ipv6_cidr_block_association_id": "",
                            "map_public_ip_on_launch": "true",
                            "owner_id": "089049692260",
                            "tags.%": "1",
                            "tags.Name": "main-public-1",
                            "vpc_id": "vpc-01e769c704f22bf68"
                        },
                        "meta": {
                            "e2bfb730-ecaa-11e6-8f88-34363bc7c4c0": {
                                "create": 600000000000,
                                "delete": 600000000000
                            },
                            "schema_version": "1"
                        },
                        "tainted": false
                    },
                    "deposed": [],
                    "provider": "provider.aws"
                },
                "aws_subnet.main-public-2": {
                    "type": "aws_subnet",
                    "depends_on": [
                        "aws_vpc.main"
                    ],
                    "primary": {
                        "id": "subnet-03b79bc920e1e5035",
                        "attributes": {
                            "arn": "arn:aws:ec2:eu-west-2:089049692260:subnet/subnet-03b79bc920e1e5035",
                            "assign_ipv6_address_on_creation": "false",
                            "availability_zone": "eu-west-2b",
                            "availability_zone_id": "euw2-az3",
                            "cidr_block": "10.0.2.0/24",
                            "id": "subnet-03b79bc920e1e5035",
                            "ipv6_cidr_block": "",
                            "ipv6_cidr_block_association_id": "",
                            "map_public_ip_on_launch": "true",
                            "owner_id": "089049692260",
                            "tags.%": "1",
                            "tags.Name": "main-public-2",
                            "vpc_id": "vpc-01e769c704f22bf68"
                        },
                        "meta": {
                            "e2bfb730-ecaa-11e6-8f88-34363bc7c4c0": {
                                "create": 600000000000,
                                "delete": 600000000000
                            },
                            "schema_version": "1"
                        },
                        "tainted": false
                    },
                    "deposed": [],
                    "provider": "provider.aws"
                },
                "aws_subnet.main-public-3": {
                    "type": "aws_subnet",
                    "depends_on": [
                        "aws_vpc.main"
                    ],
                    "primary": {
                        "id": "subnet-0bb314f52230bfa8e",
                        "attributes": {
                            "arn": "arn:aws:ec2:eu-west-2:089049692260:subnet/subnet-0bb314f52230bfa8e",
                            "assign_ipv6_address_on_creation": "false",
                            "availability_zone": "eu-west-2c",
                            "availability_zone_id": "euw2-az1",
                            "cidr_block": "10.0.3.0/24",
                            "id": "subnet-0bb314f52230bfa8e",
                            "ipv6_cidr_block": "",
                            "ipv6_cidr_block_association_id": "",
                            "map_public_ip_on_launch": "true",
                            "owner_id": "089049692260",
                            "tags.%": "1",
                            "tags.Name": "main-public-3",
                            "vpc_id": "vpc-01e769c704f22bf68"
                        },
                        "meta": {
                            "e2bfb730-ecaa-11e6-8f88-34363bc7c4c0": {
                                "create": 600000000000,
                                "delete": 600000000000
                            },
                            "schema_version": "1"
                        },
                        "tainted": false
                    },
                    "deposed": [],
                    "provider": "provider.aws"
                },
                "aws_vpc.main": {
                    "type": "aws_vpc",
                    "depends_on": [],
                    "primary": {
                        "id": "vpc-01e769c704f22bf68",
                        "attributes": {
                            "arn": "arn:aws:ec2:eu-west-2:089049692260:vpc/vpc-01e769c704f22bf68",
                            "assign_generated_ipv6_cidr_block": "false",
                            "cidr_block": "10.0.0.0/16",
                            "default_network_acl_id": "acl-016d1b040b21e6e94",
                            "default_route_table_id": "rtb-0aa946c8b3a5aaeff",
                            "default_security_group_id": "sg-02cd07584209ac604",
                            "dhcp_options_id": "dopt-bc34a2d4",
                            "enable_classiclink": "false",
                            "enable_dns_hostnames": "true",
                            "enable_dns_support": "true",
                            "id": "vpc-01e769c704f22bf68",
                            "instance_tenancy": "default",
                            "ipv6_association_id": "",
                            "ipv6_cidr_block": "",
                            "main_route_table_id": "rtb-0aa946c8b3a5aaeff",
                            "owner_id": "089049692260",
                            "tags.%": "1",
                            "tags.Name": "main"
                        },
                        "meta": {
                            "schema_version": "1"
                        },
                        "tainted": false
                    },
                    "deposed": [],
                    "provider": "provider.aws"
                }
            },
            "depends_on": []
        }
    ]
}
